
Microsoft Visual Studio Solution File, Format Version 12.00
# Visual Studio Version 17
VisualStudioVersion = 17.9.34902.65
MinimumVisualStudioVersion = 10.0.40219.1
Project("{FAE04EC0-301F-11D3-BF4B-00C04F79EFBC}") = "Whiteboard", "Whiteboard\Whiteboard.csproj", "{FB54B1BF-D8A3-400F-A6D5-A2A687E6856D}"
EndProject
Global
	GlobalSection(SolutionConfigurationPlatforms) = preSolution
		Debug|Any CPU = Debug|Any CPU
		Release|Any CPU = Release|Any CPU
	EndGlobalSection
	GlobalSection(ProjectConfigurationPlatforms) = postSolution
		{FB54B1BF-D8A3-400F-A6D5-A2A687E6856D}.Debug|Any CPU.ActiveCfg = Debug|Any CPU
		{FB54B1BF-D8A3-400F-A6D5-A2A687E6856D}.Debug|Any CPU.Build.0 = Debug|Any CPU
		{FB54B1BF-D8A3-400F-A6D5-A2A687E6856D}.Release|Any CPU.ActiveCfg = Release|Any CPU
		{FB54B1BF-D8A3-400F-A6D5-A2A687E6856D}.Release|Any CPU.Build.0 = Release|Any CPU
	EndGlobalSection
	GlobalSection(SolutionProperties) = preSolution
		HideSolutionNode = FALSE
	EndGlobalSection
	GlobalSection(ExtensibilityGlobals) = postSolution
		SolutionGuid = {A0C49782-35CF-44C3-935C-88CFD8A3571E}
	EndGlobalSection
EndGlobal
